// !$*UTF8*$!
{
	archiveVersion = 1;
	classes = {
	};
	objectVersion = 46;
	objects = {

/* Begin PBXBuildFile section */
		FBADC96F19821C2300A3CE84 /* floor_i5s.png in Resources */ = {isa = PBXBuildFile; fileRef = FBADC96E19821C2300A3CE84 /* floor_i5s.png */; };
		FBB37F86197B7379001A548E /* AppDelegate.swift in Sources */ = {isa = PBXBuildFile; fileRef = FBB37F85197B7379001A548E /* AppDelegate.swift */; };
		FBB37F88197B7379001A548E /* GameScene.sks in Resources */ = {isa = PBXBuildFile; fileRef = FBB37F87197B7379001A548E /* GameScene.sks */; };
		FBB37F8A197B7379001A548E /* GameScene.swift in Sources */ = {isa = PBXBuildFile; fileRef = FBB37F89197B7379001A548E /* GameScene.swift */; };
		FBB37F8C197B7379001A548E /* GameViewController.swift in Sources */ = {isa = PBXBuildFile; fileRef = FBB37F8B197B7379001A548E /* GameViewController.swift */; };
		FBB37F8F197B7379001A548E /* Main.storyboard in Resources */ = {isa = PBXBuildFile; fileRef = FBB37F8D197B7379001A548E /* Main.storyboard */; };
		FBB37F91197B7379001A548E /* Images.xcassets in Resources */ = {isa = PBXBuildFile; fileRef = FBB37F90197B7379001A548E /* Images.xcassets */; };
		FBB37F9D197B7379001A548E /* ZachsHouseTests.swift in Sources */ = {isa = PBXBuildFile; fileRef = FBB37F9C197B7379001A548E /* ZachsHouseTests.swift */; };
		FBB37FA9197B77D7001A548E /* spark.png in Resources */ = {isa = PBXBuildFile; fileRef = FBB37FA7197B77D7001A548E /* spark.png */; };
		FBB91BB31987654A004FB6D2 /* Platform.swift in Sources */ = {isa = PBXBuildFile; fileRef = FBB91BB21987654A004FB6D2 /* Platform.swift */; };
		FBB91BB519876561004FB6D2 /* Character.swift in Sources */ = {isa = PBXBuildFile; fileRef = FBB91BB419876561004FB6D2 /* Character.swift */; };
		FBB91BB719876978004FB6D2 /* config.plist in Resources */ = {isa = PBXBuildFile; fileRef = FBB91BB619876978004FB6D2 /* config.plist */; };
/* End PBXBuildFile section */

/* Begin PBXContainerItemProxy section */
		FBB37F97197B7379001A548E /* PBXContainerItemProxy */ = {
			isa = PBXContainerItemProxy;
			containerPortal = FBB37F78197B7379001A548E /* Project object */;
			proxyType = 1;
			remoteGlobalIDString = FBB37F7F197B7379001A548E;
			remoteInfo = ZachsHouse;
		};
/* End PBXContainerItemProxy section */

/* Begin PBXFileReference section */
		FBADC96E19821C2300A3CE84 /* floor_i5s.png */ = {isa = PBXFileReference; lastKnownFileType = image.png; name = floor_i5s.png; path = ZachsHouse/Resources/floor_i5s.png; sourceTree = SOURCE_ROOT; };
		FBB37F80197B7379001A548E /* ZachsHouse.app */ = {isa = PBXFileReference; explicitFileType = wrapper.application; includeInIndex = 0; path = ZachsHouse.app; sourceTree = BUILT_PRODUCTS_DIR; };
		FBB37F84197B7379001A548E /* Info.plist */ = {isa = PBXFileReference; lastKnownFileType = text.plist.xml; path = Info.plist; sourceTree = "<group>"; };
		FBB37F85197B7379001A548E /* AppDelegate.swift */ = {isa = PBXFileReference; lastKnownFileType = sourcecode.swift; path = AppDelegate.swift; sourceTree = "<group>"; };
		FBB37F87197B7379001A548E /* GameScene.sks */ = {isa = PBXFileReference; lastKnownFileType = file.sks; path = GameScene.sks; sourceTree = "<group>"; };
		FBB37F89197B7379001A548E /* GameScene.swift */ = {isa = PBXFileReference; lastKnownFileType = sourcecode.swift; path = GameScene.swift; sourceTree = "<group>"; };
		FBB37F8B197B7379001A548E /* GameViewController.swift */ = {isa = PBXFileReference; lastKnownFileType = sourcecode.swift; path = GameViewController.swift; sourceTree = "<group>"; };
		FBB37F8E197B7379001A548E /* Base */ = {isa = PBXFileReference; lastKnownFileType = file.storyboard; name = Base; path = Base.lproj/Main.storyboard; sourceTree = "<group>"; };
		FBB37F90197B7379001A548E /* Images.xcassets */ = {isa = PBXFileReference; lastKnownFileType = folder.assetcatalog; path = Images.xcassets; sourceTree = "<group>"; };
		FBB37F96197B7379001A548E /* ZachsHouseTests.xctest */ = {isa = PBXFileReference; explicitFileType = wrapper.cfbundle; includeInIndex = 0; path = ZachsHouseTests.xctest; sourceTree = BUILT_PRODUCTS_DIR; };
		FBB37F9B197B7379001A548E /* Info.plist */ = {isa = PBXFileReference; lastKnownFileType = text.plist.xml; path = Info.plist; sourceTree = "<group>"; };
		FBB37F9C197B7379001A548E /* ZachsHouseTests.swift */ = {isa = PBXFileReference; lastKnownFileType = sourcecode.swift; path = ZachsHouseTests.swift; sourceTree = "<group>"; };
		FBB37FA7197B77D7001A548E /* spark.png */ = {isa = PBXFileReference; lastKnownFileType = image.png; path = spark.png; sourceTree = "<group>"; };
		FBB91BB21987654A004FB6D2 /* Platform.swift */ = {isa = PBXFileReference; fileEncoding = 4; lastKnownFileType = sourcecode.swift; path = Platform.swift; sourceTree = "<group>"; };
		FBB91BB419876561004FB6D2 /* Character.swift */ = {isa = PBXFileReference; fileEncoding = 4; lastKnownFileType = sourcecode.swift; path = Character.swift; sourceTree = "<group>"; };
		FBB91BB619876978004FB6D2 /* config.plist */ = {isa = PBXFileReference; fileEncoding = 4; lastKnownFileType = text.plist.xml; path = config.plist; sourceTree = "<group>"; };
/* End PBXFileReference section */

/* Begin PBXFrameworksBuildPhase section */
		FBB37F7D197B7379001A548E /* Frameworks */ = {
			isa = PBXFrameworksBuildPhase;
			buildActionMask = 2147483647;
			files = (
			);
			runOnlyForDeploymentPostprocessing = 0;
		};
		FBB37F93197B7379001A548E /* Frameworks */ = {
			isa = PBXFrameworksBuildPhase;
			buildActionMask = 2147483647;
			files = (
			);
			runOnlyForDeploymentPostprocessing = 0;
		};
/* End PBXFrameworksBuildPhase section */

/* Begin PBXGroup section */
		FBB37F77197B7379001A548E = {
			isa = PBXGroup;
			children = (
				FBB37F82197B7379001A548E /* ZachsHouse */,
				FBB37F99197B7379001A548E /* ZachsHouseTests */,
				FBB37F81197B7379001A548E /* Products */,
			);
			sourceTree = "<group>";
		};
		FBB37F81197B7379001A548E /* Products */ = {
			isa = PBXGroup;
			children = (
				FBB37F80197B7379001A548E /* ZachsHouse.app */,
				FBB37F96197B7379001A548E /* ZachsHouseTests.xctest */,
			);
			name = Products;
			sourceTree = "<group>";
		};
		FBB37F82197B7379001A548E /* ZachsHouse */ = {
			isa = PBXGroup;
			children = (
				FBB91BB619876978004FB6D2 /* config.plist */,
				FBB37F85197B7379001A548E /* AppDelegate.swift */,
				FBB37F87197B7379001A548E /* GameScene.sks */,
				FBB37F89197B7379001A548E /* GameScene.swift */,
				FBB37F8B197B7379001A548E /* GameViewController.swift */,
				FBB37F8D197B7379001A548E /* Main.storyboard */,
				FBB37F90197B7379001A548E /* Images.xcassets */,
				FBB91BB11987654A004FB6D2 /* Objects */,
				FBB91BB819876E3D004FB6D2 /* Resources */,
				FBB37F83197B7379001A548E /* Supporting Files */,
				FBB37FA7197B77D7001A548E /* spark.png */,
			);
			path = ZachsHouse;
			sourceTree = "<group>";
		};
		FBB37F83197B7379001A548E /* Supporting Files */ = {
			isa = PBXGroup;
			children = (
				FBB37F84197B7379001A548E /* Info.plist */,
			);
			name = "Supporting Files";
			sourceTree = "<group>";
		};
		FBB37F99197B7379001A548E /* ZachsHouseTests */ = {
			isa = PBXGroup;
			children = (
				FBB37F9C197B7379001A548E /* ZachsHouseTests.swift */,
				FBB37F9A197B7379001A548E /* Supporting Files */,
			);
			path = ZachsHouseTests;
			sourceTree = "<group>";
		};
		FBB37F9A197B7379001A548E /* Supporting Files */ = {
			isa = PBXGroup;
			children = (
				FBB37F9B197B7379001A548E /* Info.plist */,
			);
			name = "Supporting Files";
			sourceTree = "<group>";
		};
		FBB91BB11987654A004FB6D2 /* Objects */ = {
			isa = PBXGroup;
			children = (
				FBB91BB21987654A004FB6D2 /* Platform.swift */,
				FBB91BB419876561004FB6D2 /* Character.swift */,
			);
			path = Objects;
			sourceTree = "<group>";
		};
		FBB91BB819876E3D004FB6D2 /* Resources */ = {
			isa = PBXGroup;
			children = (
				FBADC96E19821C2300A3CE84 /* floor_i5s.png */,
			);
			name = Resources;
			sourceTree = "<group>";
		};
/* End PBXGroup section */

/* Begin PBXNativeTarget section */
		FBB37F7F197B7379001A548E /* ZachsHouse */ = {
			isa = PBXNativeTarget;
			buildConfigurationList = FBB37FA0197B7379001A548E /* Build configuration list for PBXNativeTarget "ZachsHouse" */;
			buildPhases = (
				FBB37F7C197B7379001A548E /* Sources */,
				FBB37F7D197B7379001A548E /* Frameworks */,
				FBB37F7E197B7379001A548E /* Resources */,
			);
			buildRules = (
			);
			dependencies = (
			);
			name = ZachsHouse;
			productName = ZachsHouse;
			productReference = FBB37F80197B7379001A548E /* ZachsHouse.app */;
			productType = "com.apple.product-type.application";
		};
		FBB37F95197B7379001A548E /* ZachsHouseTests */ = {
			isa = PBXNativeTarget;
			buildConfigurationList = FBB37FA3197B7379001A548E /* Build configuration list for PBXNativeTarget "ZachsHouseTests" */;
			buildPhases = (
				FBB37F92197B7379001A548E /* Sources */,
				FBB37F93197B7379001A548E /* Frameworks */,
				FBB37F94197B7379001A548E /* Resources */,
			);
			buildRules = (
			);
			dependencies = (
				FBB37F98197B7379001A548E /* PBXTargetDependency */,
			);
			name = ZachsHouseTests;
			productName = ZachsHouseTests;
			productReference = FBB37F96197B7379001A548E /* ZachsHouseTests.xctest */;
			productType = "com.apple.product-type.bundle.unit-test";
		};
/* End PBXNativeTarget section */

/* Begin PBXProject section */
		FBB37F78197B7379001A548E /* Project object */ = {
			isa = PBXProject;
			attributes = {
				LastUpgradeCheck = 0600;
				ORGANIZATIONNAME = "Jonathan Gilmour";
				TargetAttributes = {
					FBB37F7F197B7379001A548E = {
						CreatedOnToolsVersion = 6.0;
					};
					FBB37F95197B7379001A548E = {
						CreatedOnToolsVersion = 6.0;
						TestTargetID = FBB37F7F197B7379001A548E;
					};
				};
			};
			buildConfigurationList = FBB37F7B197B7379001A548E /* Build configuration list for PBXProject "ZachsHouse" */;
			compatibilityVersion = "Xcode 3.2";
			developmentRegion = English;
			hasScannedForEncodings = 0;
			knownRegions = (
				en,
				Base,
			);
			mainGroup = FBB37F77197B7379001A548E;
			productRefGroup = FBB37F81197B7379001A548E /* Products */;
			projectDirPath = "";
			projectRoot = "";
			targets = (
				FBB37F7F197B7379001A548E /* ZachsHouse */,
				FBB37F95197B7379001A548E /* ZachsHouseTests */,
			);
		};
/* End PBXProject section */

/* Begin PBXResourcesBuildPhase section */
		FBB37F7E197B7379001A548E /* Resources */ = {
			isa = PBXResourcesBuildPhase;
			buildActionMask = 2147483647;
			files = (
				FBADC96F19821C2300A3CE84 /* floor_i5s.png in Resources */,
				FBB37FA9197B77D7001A548E /* spark.png in Resources */,
				FBB91BB719876978004FB6D2 /* config.plist in Resources */,
				FBB37F91197B7379001A548E /* Images.xcassets in Resources */,
				FBB37F88197B7379001A548E /* GameScene.sks in Resources */,
				FBB37F8F197B7379001A548E /* Main.storyboard in Resources */,
			);
			runOnlyForDeploymentPostprocessing = 0;
		};
		FBB37F94197B7379001A548E /* Resources */ = {
			isa = PBXResourcesBuildPhase;
			buildActionMask = 2147483647;
			files = (
			);
			runOnlyForDeploymentPostprocessing = 0;
		};
/* End PBXResourcesBuildPhase section */

/* Begin PBXSourcesBuildPhase section */
		FBB37F7C197B7379001A548E /* Sources */ = {
			isa = PBXSourcesBuildPhase;
			buildActionMask = 2147483647;
			files = (
				FBB37F8A197B7379001A548E /* GameScene.swift in Sources */,
				FBB37F8C197B7379001A548E /* GameViewController.swift in Sources */,
				FBB91BB519876561004FB6D2 /* Character.swift in Sources */,
				FBB91BB31987654A004FB6D2 /* Platform.swift in Sources */,
				FBB37F86197B7379001A548E /* AppDelegate.swift in Sources */,
			);
			runOnlyForDeploymentPostprocessing = 0;
		};
		FBB37F92197B7379001A548E /* Sources */ = {
			isa = PBXSourcesBuildPhase;
			buildActionMask = 2147483647;
			files = (
				FBB37F9D197B7379001A548E /* ZachsHouseTests.swift in Sources */,
			);
			runOnlyForDeploymentPostprocessing = 0;
		};
/* End PBXSourcesBuildPhase section */

/* Begin PBXTargetDependency section */
		FBB37F98197B7379001A548E /* PBXTargetDependency */ = {
			isa = PBXTargetDependency;
			target = FBB37F7F197B7379001A548E /* ZachsHouse */;
			targetProxy = FBB37F97197B7379001A548E /* PBXContainerItemProxy */;
		};
/* End PBXTargetDependency section */

/* Begin PBXVariantGroup section */
		FBB37F8D197B7379001A548E /* Main.storyboard */ = {
			isa = PBXVariantGroup;
			children = (
				FBB37F8E197B7379001A548E /* Base */,
			);
			name = Main.storyboard;
			sourceTree = "<group>";
		};
/* End PBXVariantGroup section */

/* Begin XCBuildConfiguration section */
		FBB37F9E197B7379001A548E /* Debug */ = {
			isa = XCBuildConfiguration;
			buildSettings = {
				ALWAYS_SEARCH_USER_PATHS = NO;
				CLANG_CXX_LANGUAGE_STANDARD = "gnu++0x";
				CLANG_CXX_LIBRARY = "libc++";
				CLANG_ENABLE_MODULES = YES;
				CLANG_ENABLE_OBJC_ARC = YES;
				CLANG_WARN_BOOL_CONVERSION = YES;
				CLANG_WARN_CONSTANT_CONVERSION = YES;
				CLANG_WARN_DIRECT_OBJC_ISA_USAGE = YES_ERROR;
				CLANG_WARN_EMPTY_BODY = YES;
				CLANG_WARN_ENUM_CONVERSION = YES;
				CLANG_WARN_INT_CONVERSION = YES;
				CLANG_WARN_OBJC_ROOT_CLASS = YES_ERROR;
				CLANG_WARN_UNREACHABLE_CODE = YES;
				CLANG_WARN__DUPLICATE_METHOD_MATCH = YES;
				"CODE_SIGN_IDENTITY[sdk=iphoneos*]" = "iPhone Developer";
				COPY_PHASE_STRIP = NO;
				ENABLE_STRICT_OBJC_MSGSEND = YES;
				GCC_C_LANGUAGE_STANDARD = gnu99;
				GCC_DYNAMIC_NO_PIC = NO;
				GCC_OPTIMIZATION_LEVEL = 0;
				GCC_PREPROCESSOR_DEFINITIONS = (
					"DEBUG=1",
					"$(inherited)",
				);
				GCC_SYMBOLS_PRIVATE_EXTERN = NO;
				GCC_WARN_64_TO_32_BIT_CONVERSION = YES;
				GCC_WARN_ABOUT_RETURN_TYPE = YES_ERROR;
				GCC_WARN_UNDECLARED_SELECTOR = YES;
				GCC_WARN_UNINITIALIZED_AUTOS = YES_AGGRESSIVE;
				GCC_WARN_UNUSED_FUNCTION = YES;
				GCC_WARN_UNUSED_VARIABLE = YES;
				IPHONEOS_DEPLOYMENT_TARGET = 8.0;
				MTL_ENABLE_DEBUG_INFO = YES;
				ONLY_ACTIVE_ARCH = YES;
				SDKROOT = iphoneos;
				SWIFT_OPTIMIZATION_LEVEL = "-Onone";
			};
			name = Debug;
		};
		FBB37F9F197B7379001A548E /* Release */ = {
			isa = XCBuildConfiguration;
			buildSettings = {
				ALWAYS_SEARCH_USER_PATHS = NO;
				CLANG_CXX_LANGUAGE_STANDARD = "gnu++0x";
				CLANG_CXX_LIBRARY = "libc++";
				CLANG_ENABLE_MODULES = YES;
				CLANG_ENABLE_OBJC_ARC = YES;
				CLANG_WARN_BOOL_CONVERSION = YES;
				CLANG_WARN_CONSTANT_CONVERSION = YES;
				CLANG_WARN_DIRECT_OBJC_ISA_USAGE = YES_ERROR;
				CLANG_WARN_EMPTY_BODY = YES;
				CLANG_WARN_ENUM_CONVERSION = YES;
				CLANG_WARN_INT_CONVERSION = YES;
				CLANG_WARN_OBJC_ROOT_CLASS = YES_ERROR;
				CLANG_WARN_UNREACHABLE_CODE = YES;
				CLANG_WARN__DUPLICATE_METHOD_MATCH = YES;
				"CODE_SIGN_IDENTITY[sdk=iphoneos*]" = "iPhone Developer";
				COPY_PHASE_STRIP = YES;
				ENABLE_NS_ASSERTIONS = NO;
				ENABLE_STRICT_OBJC_MSGSEND = YES;
				GCC_C_LANGUAGE_STANDARD = gnu99;
				GCC_WARN_64_TO_32_BIT_CONVERSION = YES;
				GCC_WARN_ABOUT_RETURN_TYPE = YES_ERROR;
				GCC_WARN_UNDECLARED_SELECTOR = YES;
				GCC_WARN_UNINITIALIZED_AUTOS = YES_AGGRESSIVE;
				GCC_WARN_UNUSED_FUNCTION = YES;
				GCC_WARN_UNUSED_VARIABLE = YES;
				IPHONEOS_DEPLOYMENT_TARGET = 8.0;
				MTL_ENABLE_DEBUG_INFO = NO;
				SDKROOT = iphoneos;
				VALIDATE_PRODUCT = YES;
			};
			name = Release;
		};
		FBB37FA1197B7379001A548E /* Debug */ = {
			isa = XCBuildConfiguration;
			buildSettings = {
				ASSETCATALOG_COMPILER_APPICON_NAME = AppIcon;
				ASSETCATALOG_COMPILER_LAUNCHIMAGE_NAME = LaunchImage;
				INFOPLIST_FILE = ZachsHouse/Info.plist;
				LD_RUNPATH_SEARCH_PATHS = "$(inherited) @executable_path/Frameworks";
				PRODUCT_NAME = "$(TARGET_NAME)";
			};
			name = Debug;
		};
		FBB37FA2197B7379001A548E /* Release */ = {
			isa = XCBuildConfiguration;
			buildSettings = {
				ASSETCATALOG_COMPILER_APPICON_NAME = AppIcon;
				ASSETCATALOG_COMPILER_LAUNCHIMAGE_NAME = LaunchImage;
				INFOPLIST_FILE = ZachsHouse/Info.plist;
				LD_RUNPATH_SEARCH_PATHS = "$(inherited) @executable_path/Frameworks";
				PRODUCT_NAME = "$(TARGET_NAME)";
			};
			name = Release;
		};
		FBB37FA4197B7379001A548E /* Debug */ = {
			isa = XCBuildConfiguration;
			buildSettings = {
				BUNDLE_LOADER = "$(BUILT_PRODUCTS_DIR)/ZachsHouse.app/ZachsHouse";
				FRAMEWORK_SEARCH_PATHS = (
					"$(SDKROOT)/Developer/Library/Frameworks",
					"$(inherited)",
				);
				GCC_PREPROCESSOR_DEFINITIONS = (
					"DEBUG=1",
					"$(inherited)",
				);
				INFOPLIST_FILE = ZachsHouseTests/Info.plist;
				LD_RUNPATH_SEARCH_PATHS = "$(inherited) @executable_path/Frameworks @loader_path/Frameworks";
				PRODUCT_NAME = "$(TARGET_NAME)";
				TEST_HOST = "$(BUNDLE_LOADER)";
			};
			name = Debug;
		};
		FBB37FA5197B7379001A548E /* Release */ = {
			isa = XCBuildConfiguration;
			buildSettings = {
				BUNDLE_LOADER = "$(BUILT_PRODUCTS_DIR)/ZachsHouse.app/ZachsHouse";
				FRAMEWORK_SEARCH_PATHS = (
					"$(SDKROOT)/Developer/Library/Frameworks",
					"$(inherited)",
				);
				INFOPLIST_FILE = ZachsHouseTests/Info.plist;
				LD_RUNPATH_SEARCH_PATHS = "$(inherited) @executable_path/Frameworks @loader_path/Frameworks";
				PRODUCT_NAME = "$(TARGET_NAME)";
				TEST_HOST = "$(BUNDLE_LOADER)";
			};
			name = Release;
		};
/* End XCBuildConfiguration section */

/* Begin XCConfigurationList section */
		FBB37F7B197B7379001A548E /* Build configuration list for PBXProject "ZachsHouse" */ = {
			isa = XCConfigurationList;
			buildConfigurations = (
				FBB37F9E197B7379001A548E /* Debug */,
				FBB37F9F197B7379001A548E /* Release */,
			);
			defaultConfigurationIsVisible = 0;
			defaultConfigurationName = Release;
		};
		FBB37FA0197B7379001A548E /* Build configuration list for PBXNativeTarget "ZachsHouse" */ = {
			isa = XCConfigurationList;
			buildConfigurations = (
				FBB37FA1197B7379001A548E /* Debug */,
				FBB37FA2197B7379001A548E /* Release */,
			);
			defaultConfigurationIsVisible = 0;
			defaultConfigurationName = Release;
		};
		FBB37FA3197B7379001A548E /* Build configuration list for PBXNativeTarget "ZachsHouseTests" */ = {
			isa = XCConfigurationList;
			buildConfigurations = (
				FBB37FA4197B7379001A548E /* Debug */,
				FBB37FA5197B7379001A548E /* Release */,
			);
			defaultConfigurationIsVisible = 0;
			defaultConfigurationName = Release;
		};
/* End XCConfigurationList section */
	};
	rootObject = FBB37F78197B7379001A548E /* Project object */;
}
